
Microsoft Visual Studio Solution File, Format Version 12.00
# Visual Studio 15
Project("{FAE04EC0-301F-11D3-BF4B-00C04F79EFBC}") = "Assembly-CSharp", "Assembly-CSharp.csproj", "{CA6B1BFB-DDBE-102E-C5B7-BB3C53C53CEE}"
EndProject
Project("{FAE04EC0-301F-11D3-BF4B-00C04F79EFBC}") = "Assembly-CSharp", "Assembly-CSharp.Player.csproj", "{061F424D-C95D-C119-FF25-2120CD9F4EAA}"
EndProject
Global
	GlobalSection(SolutionConfigurationPlatforms) = preSolution
		Debug|Any CPU = Debug|Any CPU
		Release|Any CPU = Release|Any CPU
	EndGlobalSection
	GlobalSection(ProjectConfigurationPlatforms) = postSolution
		{CA6B1BFB-DDBE-102E-C5B7-BB3C53C53CEE}.Debug|Any CPU.ActiveCfg = Debug|Any CPU
		{CA6B1BFB-DDBE-102E-C5B7-BB3C53C53CEE}.Debug|Any CPU.Build.0 = Debug|Any CPU
		{CA6B1BFB-DDBE-102E-C5B7-BB3C53C53CEE}.Release|Any CPU.ActiveCfg = Release|Any CPU
		{CA6B1BFB-DDBE-102E-C5B7-BB3C53C53CEE}.Release|Any CPU.Build.0 = Release|Any CPU
		{061F424D-C95D-C119-FF25-2120CD9F4EAA}.Debug|Any CPU.ActiveCfg = Debug|Any CPU
		{061F424D-C95D-C119-FF25-2120CD9F4EAA}.Debug|Any CPU.Build.0 = Debug|Any CPU
		{061F424D-C95D-C119-FF25-2120CD9F4EAA}.Release|Any CPU.ActiveCfg = Release|Any CPU
		{061F424D-C95D-C119-FF25-2120CD9F4EAA}.Release|Any CPU.Build.0 = Release|Any CPU
	EndGlobalSection
	GlobalSection(SolutionProperties) = preSolution
		HideSolutionNode = FALSE
	EndGlobalSection
EndGlobal
